
Microsoft Visual Studio Solution File, Format Version 12.00
# Visual Studio Version 17
VisualStudioVersion = 17.2.32519.379
MinimumVisualStudioVersion = 10.0.40219.1
Project("{9A19103F-16F7-4668-BE54-9A1E7A4F7556}") = "MyNewApp", "MyTodoApp\MyNewApp.csproj", "{F627A044-4CA1-4293-BB87-23125EE96F93}"
EndProject
Global
	GlobalSection(SolutionConfigurationPlatforms) = preSolution
		Debug|Any CPU = Debug|Any CPU
		Release|Any CPU = Release|Any CPU
	EndGlobalSection
	GlobalSection(ProjectConfigurationPlatforms) = postSolution
		{F627A044-4CA1-4293-BB87-23125EE96F93}.Debug|Any CPU.ActiveCfg = Debug|Any CPU
		{F627A044-4CA1-4293-BB87-23125EE96F93}.Debug|Any CPU.Build.0 = Debug|Any CPU
		{F627A044-4CA1-4293-BB87-23125EE96F93}.Release|Any CPU.ActiveCfg = Release|Any CPU
		{F627A044-4CA1-4293-BB87-23125EE96F93}.Release|Any CPU.Build.0 = Release|Any CPU
	EndGlobalSection
	GlobalSection(SolutionProperties) = preSolution
		HideSolutionNode = FALSE
	EndGlobalSection
	GlobalSection(ExtensibilityGlobals) = postSolution
		SolutionGuid = {538070C1-CAEF-4FD3-B705-614289B5AFBD}
	EndGlobalSection
EndGlobal
